
Microsoft Visual Studio Solution File, Format Version 12.00
# Visual Studio Version 17
VisualStudioVersion = 17.3.32611.2
MinimumVisualStudioVersion = 10.0.40219.1
Project("{FAE04EC0-301F-11D3-BF4B-00C04F79EFBC}") = "WASPHomeWork1", "WASPHomeWork\WASPHomeWork1.csproj", "{131C9C0D-4F1E-485D-BC4E-271DBE0442E9}"
EndProject
Global
	GlobalSection(SolutionConfigurationPlatforms) = preSolution
		Debug|Any CPU = Debug|Any CPU
		Release|Any CPU = Release|Any CPU
	EndGlobalSection
	GlobalSection(ProjectConfigurationPlatforms) = postSolution
		{131C9C0D-4F1E-485D-BC4E-271DBE0442E9}.Debug|Any CPU.ActiveCfg = Debug|Any CPU
		{131C9C0D-4F1E-485D-BC4E-271DBE0442E9}.Debug|Any CPU.Build.0 = Debug|Any CPU
		{131C9C0D-4F1E-485D-BC4E-271DBE0442E9}.Release|Any CPU.ActiveCfg = Release|Any CPU
		{131C9C0D-4F1E-485D-BC4E-271DBE0442E9}.Release|Any CPU.Build.0 = Release|Any CPU
	EndGlobalSection
	GlobalSection(SolutionProperties) = preSolution
		HideSolutionNode = FALSE
	EndGlobalSection
	GlobalSection(ExtensibilityGlobals) = postSolution
		SolutionGuid = {91A9E461-AD38-4D67-8EE0-89154DABD294}
	EndGlobalSection
EndGlobal
